{
    "_readme": [
        "This file locks the dependencies of your project to a known state",
        "Read more about it at https://getcomposer.org/doc/01-basic-usage.md#composer-lock-the-lock-file",
        "This file is @generated automatically"
    ],
    "content-hash": "5034e5bbe00ee267c58900197e9a0cc4",
    "packages": [
        {
            "name": "srag/dic",
            "version": "v0.14.2",
            "source": {
                "type": "git",
                "url": "https://github.com/studer-raimann/DIC.git",
                "reference": "cf93a05f7c14ed9f0279f64e2325e8e88a66fbf9"
            },
            "dist": {
                "type": "zip",
                "url": "https://api.github.com/repos/studer-raimann/DIC/zipball/cf93a05f7c14ed9f0279f64e2325e8e88a66fbf9",
                "reference": "cf93a05f7c14ed9f0279f64e2325e8e88a66fbf9",
                "shasum": ""
            },
            "require": {
                "php": ">=5.6"
            },
            "type": "library",
            "autoload": {
                "psr-4": {
                    "srag\\DIC\\": "src/"
                }
            },
            "notification-url": "https://packagist.org/downloads/",
            "license": [
                "GPL-3.0-only"
            ],
            "authors": [
                {
                    "name": "studer + raimann ag - Team Custom 1",
                    "email": "support-custom1@studer-raimann.ch",
                    "homepage": "https://studer-raimann.ch",
                    "role": "Developer"
                }
            ],
            "description": "Use all ILIAS globals in your class",
            "homepage": "https://github.com/studer-raimann/DIC",
            "keywords": [
                "ILIAS",
                "dic",
                "globals",
                "trait"
            ],
            "time": "2018-11-30T09:06:55+00:00"
        },
        {
            "name": "srag/librariesnamespacechanger",
            "version": "v0.3.6",
            "source": {
                "type": "git",
                "url": "https://github.com/studer-raimann/LibrariesNamespaceChanger.git",
                "reference": "cf5f3be4341270fbe46a977bbd1403d744fb797a"
            },
            "dist": {
                "type": "zip",
                "url": "https://api.github.com/repos/studer-raimann/LibrariesNamespaceChanger/zipball/cf5f3be4341270fbe46a977bbd1403d744fb797a",
                "reference": "cf5f3be4341270fbe46a977bbd1403d744fb797a",
                "shasum": ""
            },
            "require": {
                "php": ">=5.6"
            },
            "type": "library",
            "autoload": {
                "psr-4": {
                    "srag\\LibrariesNamespaceChanger\\": "src/"
                }
            },
            "notification-url": "https://packagist.org/downloads/",
            "license": [
                "GPL-3.0-only"
            ],
            "authors": [
                {
                    "name": "studer + raimann ag - Team Custom 1",
                    "email": "support-custom1@studer-raimann.ch",
                    "homepage": "https://studer-raimann.ch",
                    "role": "Developer"
                }
            ],
            "description": "Change namespace of libraries to plugin namespace",
            "homepage": "https://github.com/studer-raimann/LibrariesNamespaceChanger",
            "keywords": [
                "ILIAS",
                "libraries"
            ],
            "time": "2018-11-21T08:31:42+00:00"
        },
        {
            "name": "srag/removeplugindataconfirm",
            "version": "v0.3.3",
            "source": {
                "type": "git",
                "url": "https://github.com/studer-raimann/RemovePluginDataConfirm.git",
                "reference": "0a4c2efb645c77ed609885366d3ac8f17c1dedbc"
            },
            "dist": {
                "type": "zip",
                "url": "https://api.github.com/repos/studer-raimann/RemovePluginDataConfirm/zipball/0a4c2efb645c77ed609885366d3ac8f17c1dedbc",
                "reference": "0a4c2efb645c77ed609885366d3ac8f17c1dedbc",
                "shasum": ""
            },
            "require": {
                "php": ">=5.6",
                "srag/dic": ">=0.1.0"
            },
            "type": "library",
            "autoload": {
                "psr-4": {
                    "srag\\RemovePluginDataConfirm\\Notifications4Plugins\\": "src/"
                }
            },
            "notification-url": "https://packagist.org/downloads/",
            "license": [
                "GPL-3.0-only"
            ],
            "authors": [
                {
                    "name": "studer + raimann ag - Team Custom 1",
                    "email": "support-custom1@studer-raimann.ch",
                    "homepage": "https://studer-raimann.ch",
                    "role": "Developer"
                }
            ],
            "description": "Demand if plugin data should be removed on uninstall",
            "homepage": "https://github.com/studer-raimann/RemovePluginDataConfirm",
            "keywords": [
                "ILIAS",
                "confirm",
                "data",
                "plugin",
                "uninstall"
            ],
            "time": "2018-11-28T08:24:16+00:00"
        }
    ],
    "packages-dev": [],
    "aliases": [],
    "minimum-stability": "beta",
    "stability-flags": [],
    "prefer-stable": true,
    "prefer-lowest": false,
    "platform": {
        "php": ">=5.6"
    },
    "platform-dev": []
}
