{
    "_readme": [
        "This file locks the dependencies of your project to a known state",
        "Read more about it at https://getcomposer.org/doc/01-basic-usage.md#composer-lock-the-lock-file",
        "This file is @generated automatically"
    ],
    "content-hash": "f801e74949665340cb898cedccf1fc00",
    "packages": [
        {
            "name": "srag/activerecordconfig",
            "version": "v0.15.0",
            "source": {
                "type": "git",
                "url": "https://github.com/studer-raimann/ActiveRecordConfig.git",
                "reference": "9e8c9460ef608b97a76e83f15e98528f7629c2be"
            },
            "dist": {
                "type": "zip",
                "url": "https://api.github.com/repos/studer-raimann/ActiveRecordConfig/zipball/9e8c9460ef608b97a76e83f15e98528f7629c2be",
                "reference": "9e8c9460ef608b97a76e83f15e98528f7629c2be",
                "shasum": ""
            },
            "require": {
                "php": ">=5.6",
                "srag/custominputguis": ">=0.1.0",
                "srag/dic": ">=0.1.0"
            },
            "type": "library",
            "autoload": {
                "psr-4": {
                    "srag\\ActiveRecordConfig\\Notifications4Plugins\\": "src/"
                }
            },
            "notification-url": "https://packagist.org/downloads/",
            "license": [
                "GPL-3.0-only"
            ],
            "authors": [
                {
                    "name": "studer + raimann ag - Team Custom 1",
                    "email": "support-custom1@studer-raimann.ch",
                    "homepage": "https://studer-raimann.ch",
                    "role": "Developer"
                }
            ],
            "description": "Simple ActiveRecord config for ILIAS plugins",
            "homepage": "https://github.com/studer-raimann/ActiveRecordConfig",
            "keywords": [
                "ILIAS",
                "activerecord",
                "config"
            ],
            "time": "2019-03-29T11:28:20+00:00"
        },
        {
            "name": "srag/custominputguis",
            "version": "v0.19.10",
            "source": {
                "type": "git",
                "url": "https://github.com/studer-raimann/CustomInputGUIs.git",
                "reference": "505b631e3b79c3b150700845d422dcb7fb0d560a"
            },
            "dist": {
                "type": "zip",
                "url": "https://api.github.com/repos/studer-raimann/CustomInputGUIs/zipball/505b631e3b79c3b150700845d422dcb7fb0d560a",
                "reference": "505b631e3b79c3b150700845d422dcb7fb0d560a",
                "shasum": ""
            },
            "require": {
                "php": ">=5.6",
                "srag/dic": ">=0.1.0"
            },
            "type": "library",
            "autoload": {
                "psr-4": {
                    "srag\\CustomInputGUIs\\Notifications4Plugins\\": "src/"
                }
            },
            "notification-url": "https://packagist.org/downloads/",
            "license": [
                "GPL-3.0-only"
            ],
            "authors": [
                {
                    "name": "studer + raimann ag - Team Custom 1",
                    "email": "support-custom1@studer-raimann.ch",
                    "homepage": "https://studer-raimann.ch",
                    "role": "Developer"
                }
            ],
            "description": "Custom Input-GUI's",
            "homepage": "https://github.com/studer-raimann/CustomInputGUIs",
            "keywords": [
                "ILIAS",
                "PropertyForm",
                "gui",
                "input",
                "table"
            ],
            "time": "2019-03-29T11:30:43+00:00"
        },
        {
            "name": "srag/dic",
            "version": "v0.15.4",
            "source": {
                "type": "git",
                "url": "https://github.com/studer-raimann/DIC.git",
                "reference": "9f90f54f36a00a793fc08a7916dfdb06ebe3a76c"
            },
            "dist": {
                "type": "zip",
                "url": "https://api.github.com/repos/studer-raimann/DIC/zipball/9f90f54f36a00a793fc08a7916dfdb06ebe3a76c",
                "reference": "9f90f54f36a00a793fc08a7916dfdb06ebe3a76c",
                "shasum": ""
            },
            "require": {
                "php": ">=5.6"
            },
            "type": "library",
            "autoload": {
                "psr-4": {
                    "srag\\DIC\\Notifications4Plugins\\": "src/"
                }
            },
            "notification-url": "https://packagist.org/downloads/",
            "license": [
                "GPL-3.0-only"
            ],
            "authors": [
                {
                    "name": "studer + raimann ag - Team Custom 1",
                    "email": "support-custom1@studer-raimann.ch",
                    "homepage": "https://studer-raimann.ch",
                    "role": "Developer"
                }
            ],
            "description": "Use all ILIAS globals in your class",
            "homepage": "https://github.com/studer-raimann/DIC",
            "keywords": [
                "ILIAS",
                "dic",
                "globals",
                "trait"
            ],
            "time": "2019-03-26T13:15:41+00:00"
        },
        {
            "name": "srag/librariesnamespacechanger",
            "version": "v0.5.3",
            "source": {
                "type": "git",
                "url": "https://github.com/studer-raimann/LibrariesNamespaceChanger.git",
                "reference": "3bd70ad7c32bd988209c7a0bf5a69c900bfe2880"
            },
            "dist": {
                "type": "zip",
                "url": "https://api.github.com/repos/studer-raimann/LibrariesNamespaceChanger/zipball/3bd70ad7c32bd988209c7a0bf5a69c900bfe2880",
                "reference": "3bd70ad7c32bd988209c7a0bf5a69c900bfe2880",
                "shasum": ""
            },
            "require": {
                "php": ">=5.6"
            },
            "type": "library",
            "autoload": {
                "psr-4": {
                    "srag\\LibrariesNamespaceChanger\\": "src/"
                }
            },
            "notification-url": "https://packagist.org/downloads/",
            "license": [
                "GPL-3.0-only"
            ],
            "authors": [
                {
                    "name": "studer + raimann ag - Team Custom 1",
                    "email": "support-custom1@studer-raimann.ch",
                    "homepage": "https://studer-raimann.ch",
                    "role": "Developer"
                }
            ],
            "description": "Change namespace of libraries to plugin namespace",
            "homepage": "https://github.com/studer-raimann/LibrariesNamespaceChanger",
            "keywords": [
                "ILIAS",
                "libraries"
            ],
            "time": "2019-03-29T12:24:17+00:00"
        },
        {
            "name": "srag/notifications4plugin",
            "version": "v0.2.1",
            "source": {
                "type": "git",
                "url": "https://github.com/studer-raimann/Notifications4Plugin.git",
                "reference": "e6d1a9c8cd87a13e7209b14588fd97ed380ca59e"
            },
            "dist": {
                "type": "zip",
                "url": "https://api.github.com/repos/studer-raimann/Notifications4Plugin/zipball/e6d1a9c8cd87a13e7209b14588fd97ed380ca59e",
                "reference": "e6d1a9c8cd87a13e7209b14588fd97ed380ca59e",
                "shasum": ""
            },
            "require": {
                "php": ">=7.0",
                "srag/custominputguis": ">=0.1.0",
                "srag/dic": ">=0.1.0",
                "twig/twig": "1.18.0"
            },
            "type": "library",
            "autoload": {
                "psr-4": {
                    "srag\\Notifications4Plugin\\": "src/"
                }
            },
            "notification-url": "https://packagist.org/downloads/",
            "license": [
                "GPL-3.0-only"
            ],
            "authors": [
                {
                    "name": "studer + raimann ag - Team Custom 1",
                    "email": "support-custom1@studer-raimann.ch",
                    "homepage": "https://studer-raimann.ch",
                    "role": "Developer"
                }
            ],
            "description": "This library offers a quick and easy way to create and send notifications in any language. The notifications are usually configured in the config screen of Notifications4Plugin and can then be sent for instance as an email by other plugins dynamic",
            "homepage": "https://github.com/studer-raimann/Notifications4Plugin",
            "keywords": [
                "ILIAS",
                "notifications"
            ],
            "time": "2019-04-02T09:24:02+00:00"
        },
        {
            "name": "srag/removeplugindataconfirm",
            "version": "v0.4.1",
            "source": {
                "type": "git",
                "url": "https://github.com/studer-raimann/RemovePluginDataConfirm.git",
                "reference": "fc1f1828c05ac2548d3b4022d53422cf1335ffc2"
            },
            "dist": {
                "type": "zip",
                "url": "https://api.github.com/repos/studer-raimann/RemovePluginDataConfirm/zipball/fc1f1828c05ac2548d3b4022d53422cf1335ffc2",
                "reference": "fc1f1828c05ac2548d3b4022d53422cf1335ffc2",
                "shasum": ""
            },
            "require": {
                "php": ">=5.6",
                "srag/dic": ">=0.1.0"
            },
            "type": "library",
            "autoload": {
                "psr-4": {
                    "srag\\RemovePluginDataConfirm\\Notifications4Plugins\\": "src/"
                }
            },
            "notification-url": "https://packagist.org/downloads/",
            "license": [
                "GPL-3.0-only"
            ],
            "authors": [
                {
                    "name": "studer + raimann ag - Team Custom 1",
                    "email": "support-custom1@studer-raimann.ch",
                    "homepage": "https://studer-raimann.ch",
                    "role": "Developer"
                }
            ],
            "description": "Demand if plugin data should be removed on uninstall",
            "homepage": "https://github.com/studer-raimann/RemovePluginDataConfirm",
            "keywords": [
                "ILIAS",
                "confirm",
                "data",
                "plugin",
                "uninstall"
            ],
            "time": "2019-03-26T13:17:27+00:00"
        },
        {
            "name": "twig/twig",
            "version": "v1.18.0",
            "source": {
                "type": "git",
                "url": "https://github.com/twigphp/Twig.git",
                "reference": "4cf7464348e7f9893a93f7096a90b73722be99cf"
            },
            "dist": {
                "type": "zip",
                "url": "https://api.github.com/repos/twigphp/Twig/zipball/4cf7464348e7f9893a93f7096a90b73722be99cf",
                "reference": "4cf7464348e7f9893a93f7096a90b73722be99cf",
                "shasum": ""
            },
            "require": {
                "php": ">=5.2.4"
            },
            "type": "library",
            "extra": {
                "branch-alias": {
                    "dev-master": "1.18-dev"
                }
            },
            "autoload": {
                "psr-0": {
                    "Twig_": "lib/"
                }
            },
            "notification-url": "https://packagist.org/downloads/",
            "license": [
                "BSD-3-Clause"
            ],
            "authors": [
                {
                    "name": "Fabien Potencier",
                    "email": "fabien@symfony.com",
                    "homepage": "http://fabien.potencier.org",
                    "role": "Lead Developer"
                },
                {
                    "name": "Armin Ronacher",
                    "email": "armin.ronacher@active-4.com",
                    "role": "Project Founder"
                },
                {
                    "name": "Twig Team",
                    "homepage": "http://twig.sensiolabs.org/contributors",
                    "role": "Contributors"
                }
            ],
            "description": "Twig, the flexible, fast, and secure template language for PHP",
            "homepage": "http://twig.sensiolabs.org",
            "keywords": [
                "templating"
            ],
            "time": "2015-01-25T17:32:08+00:00"
        }
    ],
    "packages-dev": [],
    "aliases": [],
    "minimum-stability": "stable",
    "stability-flags": [],
    "prefer-stable": false,
    "prefer-lowest": false,
    "platform": {
        "php": ">=7.0"
    },
    "platform-dev": []
}
